// !$*UTF8*$!
{
	archiveVersion = 1;
	classes = {
	};
	objectVersion = 50;
	objects = {

/* Begin PBXBuildFile section */
		08345407232E469500B36064 /* AppDelegate.swift in Sources */ = {isa = PBXBuildFile; fileRef = 08345406232E469500B36064 /* AppDelegate.swift */; };
		08345409232E469500B36064 /* ViewController.swift in Sources */ = {isa = PBXBuildFile; fileRef = 08345408232E469500B36064 /* ViewController.swift */; };
		0834540C232E469500B36064 /* Main.storyboard in Resources */ = {isa = PBXBuildFile; fileRef = 0834540A232E469500B36064 /* Main.storyboard */; };
		0834540E232E469700B36064 /* Assets.xcassets in Resources */ = {isa = PBXBuildFile; fileRef = 0834540D232E469700B36064 /* Assets.xcassets */; };
		08345411232E469700B36064 /* LaunchScreen.storyboard in Resources */ = {isa = PBXBuildFile; fileRef = 0834540F232E469700B36064 /* LaunchScreen.storyboard */; };
		0834541A232E472F00B36064 /* CollectionViewCell.swift in Sources */ = {isa = PBXBuildFile; fileRef = 08345418232E472F00B36064 /* CollectionViewCell.swift */; };
		0834541B232E472F00B36064 /* CollectionViewCell.xib in Resources */ = {isa = PBXBuildFile; fileRef = 08345419232E472F00B36064 /* CollectionViewCell.xib */; };
		0834541D232E9B8C00B36064 /* SelectedViewController.swift in Sources */ = {isa = PBXBuildFile; fileRef = 0834541C232E9B8C00B36064 /* SelectedViewController.swift */; };
/* End PBXBuildFile section */

/* Begin PBXFileReference section */
		08345403232E469500B36064 /* EffectivePageScroll.app */ = {isa = PBXFileReference; explicitFileType = wrapper.application; includeInIndex = 0; path = EffectivePageScroll.app; sourceTree = BUILT_PRODUCTS_DIR; };
		08345406232E469500B36064 /* AppDelegate.swift */ = {isa = PBXFileReference; lastKnownFileType = sourcecode.swift; path = AppDelegate.swift; sourceTree = "<group>"; };
		08345408232E469500B36064 /* ViewController.swift */ = {isa = PBXFileReference; lastKnownFileType = sourcecode.swift; path = ViewController.swift; sourceTree = "<group>"; };
		0834540B232E469500B36064 /* Base */ = {isa = PBXFileReference; lastKnownFileType = file.storyboard; name = Base; path = Base.lproj/Main.storyboard; sourceTree = "<group>"; };
		0834540D232E469700B36064 /* Assets.xcassets */ = {isa = PBXFileReference; lastKnownFileType = folder.assetcatalog; path = Assets.xcassets; sourceTree = "<group>"; };
		08345410232E469700B36064 /* Base */ = {isa = PBXFileReference; lastKnownFileType = file.storyboard; name = Base; path = Base.lproj/LaunchScreen.storyboard; sourceTree = "<group>"; };
		08345412232E469700B36064 /* Info.plist */ = {isa = PBXFileReference; lastKnownFileType = text.plist.xml; path = Info.plist; sourceTree = "<group>"; };
		08345418232E472F00B36064 /* CollectionViewCell.swift */ = {isa = PBXFileReference; lastKnownFileType = sourcecode.swift; path = CollectionViewCell.swift; sourceTree = "<group>"; };
		08345419232E472F00B36064 /* CollectionViewCell.xib */ = {isa = PBXFileReference; lastKnownFileType = file.xib; path = CollectionViewCell.xib; sourceTree = "<group>"; };
		0834541C232E9B8C00B36064 /* SelectedViewController.swift */ = {isa = PBXFileReference; lastKnownFileType = sourcecode.swift; path = SelectedViewController.swift; sourceTree = "<group>"; };
/* End PBXFileReference section */

/* Begin PBXFrameworksBuildPhase section */
		08345400232E469500B36064 /* Frameworks */ = {
			isa = PBXFrameworksBuildPhase;
			buildActionMask = 2147483647;
			files = (
			);
			runOnlyForDeploymentPostprocessing = 0;
		};
/* End PBXFrameworksBuildPhase section */

/* Begin PBXGroup section */
		083453FA232E469500B36064 = {
			isa = PBXGroup;
			children = (
				08345405232E469500B36064 /* EffectivePageScroll */,
				08345404232E469500B36064 /* Products */,
			);
			sourceTree = "<group>";
		};
		08345404232E469500B36064 /* Products */ = {
			isa = PBXGroup;
			children = (
				08345403232E469500B36064 /* EffectivePageScroll.app */,
			);
			name = Products;
			sourceTree = "<group>";
		};
		08345405232E469500B36064 /* EffectivePageScroll */ = {
			isa = PBXGroup;
			children = (
				08345406232E469500B36064 /* AppDelegate.swift */,
				08345408232E469500B36064 /* ViewController.swift */,
				0834540A232E469500B36064 /* Main.storyboard */,
				0834540D232E469700B36064 /* Assets.xcassets */,
				0834540F232E469700B36064 /* LaunchScreen.storyboard */,
				08345412232E469700B36064 /* Info.plist */,
				08345418232E472F00B36064 /* CollectionViewCell.swift */,
				08345419232E472F00B36064 /* CollectionViewCell.xib */,
				0834541C232E9B8C00B36064 /* SelectedViewController.swift */,
			);
			path = EffectivePageScroll;
			sourceTree = "<group>";
		};
/* End PBXGroup section */

/* Begin PBXNativeTarget section */
		08345402232E469500B36064 /* EffectivePageScroll */ = {
			isa = PBXNativeTarget;
			buildConfigurationList = 08345415232E469700B36064 /* Build configuration list for PBXNativeTarget "EffectivePageScroll" */;
			buildPhases = (
				083453FF232E469500B36064 /* Sources */,
				08345400232E469500B36064 /* Frameworks */,
				08345401232E469500B36064 /* Resources */,
			);
			buildRules = (
			);
			dependencies = (
			);
			name = EffectivePageScroll;
			productName = EffectivePageScroll;
			productReference = 08345403232E469500B36064 /* EffectivePageScroll.app */;
			productType = "com.apple.product-type.application";
		};
/* End PBXNativeTarget section */

/* Begin PBXProject section */
		083453FB232E469500B36064 /* Project object */ = {
			isa = PBXProject;
			attributes = {
				LastSwiftUpdateCheck = 1020;
				LastUpgradeCheck = 1020;
				ORGANIZATIONNAME = "vaibhav sharma";
				TargetAttributes = {
					08345402232E469500B36064 = {
						CreatedOnToolsVersion = 10.2.1;
					};
				};
			};
			buildConfigurationList = 083453FE232E469500B36064 /* Build configuration list for PBXProject "EffectivePageScroll" */;
			compatibilityVersion = "Xcode 9.3";
			developmentRegion = en;
			hasScannedForEncodings = 0;
			knownRegions = (
				en,
				Base,
			);
			mainGroup = 083453FA232E469500B36064;
			productRefGroup = 08345404232E469500B36064 /* Products */;
			projectDirPath = "";
			projectRoot = "";
			targets = (
				08345402232E469500B36064 /* EffectivePageScroll */,
			);
		};
/* End PBXProject section */

/* Begin PBXResourcesBuildPhase section */
		08345401232E469500B36064 /* Resources */ = {
			isa = PBXResourcesBuildPhase;
			buildActionMask = 2147483647;
			files = (
				08345411232E469700B36064 /* LaunchScreen.storyboard in Resources */,
				0834540E232E469700B36064 /* Assets.xcassets in Resources */,
				0834541B232E472F00B36064 /* CollectionViewCell.xib in Resources */,
				0834540C232E469500B36064 /* Main.storyboard in Resources */,
			);
			runOnlyForDeploymentPostprocessing = 0;
		};
/* End PBXResourcesBuildPhase section */

/* Begin PBXSourcesBuildPhase section */
		083453FF232E469500B36064 /* Sources */ = {
			isa = PBXSourcesBuildPhase;
			buildActionMask = 2147483647;
			files = (
				08345409232E469500B36064 /* ViewController.swift in Sources */,
				08345407232E469500B36064 /* AppDelegate.swift in Sources */,
				0834541A232E472F00B36064 /* CollectionViewCell.swift in Sources */,
				0834541D232E9B8C00B36064 /* SelectedViewController.swift in Sources */,
			);
			runOnlyForDeploymentPostprocessing = 0;
		};
/* End PBXSourcesBuildPhase section */

/* Begin PBXVariantGroup section */
		0834540A232E469500B36064 /* Main.storyboard */ = {
			isa = PBXVariantGroup;
			children = (
				0834540B232E469500B36064 /* Base */,
			);
			name = Main.storyboard;
			sourceTree = "<group>";
		};
		0834540F232E469700B36064 /* LaunchScreen.storyboard */ = {
			isa = PBXVariantGroup;
			children = (
				08345410232E469700B36064 /* Base */,
			);
			name = LaunchScreen.storyboard;
			sourceTree = "<group>";
		};
/* End PBXVariantGroup section */

/* Begin XCBuildConfiguration section */
		08345413232E469700B36064 /* Debug */ = {
			isa = XCBuildConfiguration;
			buildSettings = {
				ALWAYS_SEARCH_USER_PATHS = NO;
				CLANG_ANALYZER_NONNULL = YES;
				CLANG_ANALYZER_NUMBER_OBJECT_CONVERSION = YES_AGGRESSIVE;
				CLANG_CXX_LANGUAGE_STANDARD = "gnu++14";
				CLANG_CXX_LIBRARY = "libc++";
				CLANG_ENABLE_MODULES = YES;
				CLANG_ENABLE_OBJC_ARC = YES;
				CLANG_ENABLE_OBJC_WEAK = YES;
				CLANG_WARN_BLOCK_CAPTURE_AUTORELEASING = YES;
				CLANG_WARN_BOOL_CONVERSION = YES;
				CLANG_WARN_COMMA = YES;
				CLANG_WARN_CONSTANT_CONVERSION = YES;
				CLANG_WARN_DEPRECATED_OBJC_IMPLEMENTATIONS = YES;
				CLANG_WARN_DIRECT_OBJC_ISA_USAGE = YES_ERROR;
				CLANG_WARN_DOCUMENTATION_COMMENTS = YES;
				CLANG_WARN_EMPTY_BODY = YES;
				CLANG_WARN_ENUM_CONVERSION = YES;
				CLANG_WARN_INFINITE_RECURSION = YES;
				CLANG_WARN_INT_CONVERSION = YES;
				CLANG_WARN_NON_LITERAL_NULL_CONVERSION = YES;
				CLANG_WARN_OBJC_IMPLICIT_RETAIN_SELF = YES;
				CLANG_WARN_OBJC_LITERAL_CONVERSION = YES;
				CLANG_WARN_OBJC_ROOT_CLASS = YES_ERROR;
				CLANG_WARN_RANGE_LOOP_ANALYSIS = YES;
				CLANG_WARN_STRICT_PROTOTYPES = YES;
				CLANG_WARN_SUSPICIOUS_MOVE = YES;
				CLANG_WARN_UNGUARDED_AVAILABILITY = YES_AGGRESSIVE;
				CLANG_WARN_UNREACHABLE_CODE = YES;
				CLANG_WARN__DUPLICATE_METHOD_MATCH = YES;
				CODE_SIGN_IDENTITY = "iPhone Developer";
				COPY_PHASE_STRIP = NO;
				DEBUG_INFORMATION_FORMAT = dwarf;
				ENABLE_STRICT_OBJC_MSGSEND = YES;
				ENABLE_TESTABILITY = YES;
				GCC_C_LANGUAGE_STANDARD = gnu11;
				GCC_DYNAMIC_NO_PIC = NO;
				GCC_NO_COMMON_BLOCKS = YES;
				GCC_OPTIMIZATION_LEVEL = 0;
				GCC_PREPROCESSOR_DEFINITIONS = (
					"DEBUG=1",
					"$(inherited)",
				);
				GCC_WARN_64_TO_32_BIT_CONVERSION = YES;
				GCC_WARN_ABOUT_RETURN_TYPE = YES_ERROR;
				GCC_WARN_UNDECLARED_SELECTOR = YES;
				GCC_WARN_UNINITIALIZED_AUTOS = YES_AGGRESSIVE;
				GCC_WARN_UNUSED_FUNCTION = YES;
				GCC_WARN_UNUSED_VARIABLE = YES;
				IPHONEOS_DEPLOYMENT_TARGET = 12.2;
				MTL_ENABLE_DEBUG_INFO = INCLUDE_SOURCE;
				MTL_FAST_MATH = YES;
				ONLY_ACTIVE_ARCH = YES;
				SDKROOT = iphoneos;
				SWIFT_ACTIVE_COMPILATION_CONDITIONS = DEBUG;
				SWIFT_OPTIMIZATION_LEVEL = "-Onone";
			};
			name = Debug;
		};
		08345414232E469700B36064 /* Release */ = {
			isa = XCBuildConfiguration;
			buildSettings = {
				ALWAYS_SEARCH_USER_PATHS = NO;
				CLANG_ANALYZER_NONNULL = YES;
				CLANG_ANALYZER_NUMBER_OBJECT_CONVERSION = YES_AGGRESSIVE;
				CLANG_CXX_LANGUAGE_STANDARD = "gnu++14";
				CLANG_CXX_LIBRARY = "libc++";
				CLANG_ENABLE_MODULES = YES;
				CLANG_ENABLE_OBJC_ARC = YES;
				CLANG_ENABLE_OBJC_WEAK = YES;
				CLANG_WARN_BLOCK_CAPTURE_AUTORELEASING = YES;
				CLANG_WARN_BOOL_CONVERSION = YES;
				CLANG_WARN_COMMA = YES;
				CLANG_WARN_CONSTANT_CONVERSION = YES;
				CLANG_WARN_DEPRECATED_OBJC_IMPLEMENTATIONS = YES;
				CLANG_WARN_DIRECT_OBJC_ISA_USAGE = YES_ERROR;
				CLANG_WARN_DOCUMENTATION_COMMENTS = YES;
				CLANG_WARN_EMPTY_BODY = YES;
				CLANG_WARN_ENUM_CONVERSION = YES;
				CLANG_WARN_INFINITE_RECURSION = YES;
				CLANG_WARN_INT_CONVERSION = YES;
				CLANG_WARN_NON_LITERAL_NULL_CONVERSION = YES;
				CLANG_WARN_OBJC_IMPLICIT_RETAIN_SELF = YES;
				CLANG_WARN_OBJC_LITERAL_CONVERSION = YES;
				CLANG_WARN_OBJC_ROOT_CLASS = YES_ERROR;
				CLANG_WARN_RANGE_LOOP_ANALYSIS = YES;
				CLANG_WARN_STRICT_PROTOTYPES = YES;
				CLANG_WARN_SUSPICIOUS_MOVE = YES;
				CLANG_WARN_UNGUARDED_AVAILABILITY = YES_AGGRESSIVE;
				CLANG_WARN_UNREACHABLE_CODE = YES;
				CLANG_WARN__DUPLICATE_METHOD_MATCH = YES;
				CODE_SIGN_IDENTITY = "iPhone Developer";
				COPY_PHASE_STRIP = NO;
				DEBUG_INFORMATION_FORMAT = "dwarf-with-dsym";
				ENABLE_NS_ASSERTIONS = NO;
				ENABLE_STRICT_OBJC_MSGSEND = YES;
				GCC_C_LANGUAGE_STANDARD = gnu11;
				GCC_NO_COMMON_BLOCKS = YES;
				GCC_WARN_64_TO_32_BIT_CONVERSION = YES;
				GCC_WARN_ABOUT_RETURN_TYPE = YES_ERROR;
				GCC_WARN_UNDECLARED_SELECTOR = YES;
				GCC_WARN_UNINITIALIZED_AUTOS = YES_AGGRESSIVE;
				GCC_WARN_UNUSED_FUNCTION = YES;
				GCC_WARN_UNUSED_VARIABLE = YES;
				IPHONEOS_DEPLOYMENT_TARGET = 12.2;
				MTL_ENABLE_DEBUG_INFO = NO;
				MTL_FAST_MATH = YES;
				SDKROOT = iphoneos;
				SWIFT_COMPILATION_MODE = wholemodule;
				SWIFT_OPTIMIZATION_LEVEL = "-O";
				VALIDATE_PRODUCT = YES;
			};
			name = Release;
		};
		08345416232E469700B36064 /* Debug */ = {
			isa = XCBuildConfiguration;
			buildSettings = {
				ASSETCATALOG_COMPILER_APPICON_NAME = AppIcon;
				CODE_SIGN_STYLE = Automatic;
				INFOPLIST_FILE = EffectivePageScroll/Info.plist;
				LD_RUNPATH_SEARCH_PATHS = (
					"$(inherited)",
					"@executable_path/Frameworks",
				);
				PRODUCT_BUNDLE_IDENTIFIER = com.vaibhavsharma.EffectivePageScroll;
				PRODUCT_NAME = "$(TARGET_NAME)";
				SWIFT_VERSION = 5.0;
				TARGETED_DEVICE_FAMILY = "1,2";
			};
			name = Debug;
		};
		08345417232E469700B36064 /* Release */ = {
			isa = XCBuildConfiguration;
			buildSettings = {
				ASSETCATALOG_COMPILER_APPICON_NAME = AppIcon;
				CODE_SIGN_STYLE = Automatic;
				INFOPLIST_FILE = EffectivePageScroll/Info.plist;
				LD_RUNPATH_SEARCH_PATHS = (
					"$(inherited)",
					"@executable_path/Frameworks",
				);
				PRODUCT_BUNDLE_IDENTIFIER = com.vaibhavsharma.EffectivePageScroll;
				PRODUCT_NAME = "$(TARGET_NAME)";
				SWIFT_VERSION = 5.0;
				TARGETED_DEVICE_FAMILY = "1,2";
			};
			name = Release;
		};
/* End XCBuildConfiguration section */

/* Begin XCConfigurationList section */
		083453FE232E469500B36064 /* Build configuration list for PBXProject "EffectivePageScroll" */ = {
			isa = XCConfigurationList;
			buildConfigurations = (
				08345413232E469700B36064 /* Debug */,
				08345414232E469700B36064 /* Release */,
			);
			defaultConfigurationIsVisible = 0;
			defaultConfigurationName = Release;
		};
		08345415232E469700B36064 /* Build configuration list for PBXNativeTarget "EffectivePageScroll" */ = {
			isa = XCConfigurationList;
			buildConfigurations = (
				08345416232E469700B36064 /* Debug */,
				08345417232E469700B36064 /* Release */,
			);
			defaultConfigurationIsVisible = 0;
			defaultConfigurationName = Release;
		};
/* End XCConfigurationList section */
	};
	rootObject = 083453FB232E469500B36064 /* Project object */;
}
